// !$*UTF8*$!
{
	archiveVersion = 1;
	classes = {
	};
	objectVersion = 46;
	objects = {

/* Begin PBXBuildFile section */
		B38CD8311CC490C300E3A40D /* main.m in Sources */ = {isa = PBXBuildFile; fileRef = B38CD8301CC490C300E3A40D /* main.m */; };
		B38CD8341CC490C300E3A40D /* AppDelegate.m in Sources */ = {isa = PBXBuildFile; fileRef = B38CD8331CC490C300E3A40D /* AppDelegate.m */; };
		B38CD8371CC490C300E3A40D /* ViewController.m in Sources */ = {isa = PBXBuildFile; fileRef = B38CD8361CC490C300E3A40D /* ViewController.m */; };
		B38CD83A1CC490C300E3A40D /* Main.storyboard in Resources */ = {isa = PBXBuildFile; fileRef = B38CD8381CC490C300E3A40D /* Main.storyboard */; };
		B38CD83C1CC490C300E3A40D /* Assets.xcassets in Resources */ = {isa = PBXBuildFile; fileRef = B38CD83B1CC490C300E3A40D /* Assets.xcassets */; };
		B38CD83F1CC490C300E3A40D /* LaunchScreen.storyboard in Resources */ = {isa = PBXBuildFile; fileRef = B38CD83D1CC490C300E3A40D /* LaunchScreen.storyboard */; };
/* End PBXBuildFile section */

/* Begin PBXFileReference section */
		B38CD82C1CC490C300E3A40D /* GestureProjectNew.app */ = {isa = PBXFileReference; explicitFileType = wrapper.application; includeInIndex = 0; path = GestureProjectNew.app; sourceTree = BUILT_PRODUCTS_DIR; };
		B38CD8301CC490C300E3A40D /* main.m */ = {isa = PBXFileReference; lastKnownFileType = sourcecode.c.objc; path = main.m; sourceTree = "<group>"; };
		B38CD8321CC490C300E3A40D /* AppDelegate.h */ = {isa = PBXFileReference; lastKnownFileType = sourcecode.c.h; path = AppDelegate.h; sourceTree = "<group>"; };
		B38CD8331CC490C300E3A40D /* AppDelegate.m */ = {isa = PBXFileReference; lastKnownFileType = sourcecode.c.objc; path = AppDelegate.m; sourceTree = "<group>"; };
		B38CD8351CC490C300E3A40D /* ViewController.h */ = {isa = PBXFileReference; lastKnownFileType = sourcecode.c.h; path = ViewController.h; sourceTree = "<group>"; };
		B38CD8361CC490C300E3A40D /* ViewController.m */ = {isa = PBXFileReference; lastKnownFileType = sourcecode.c.objc; path = ViewController.m; sourceTree = "<group>"; };
		B38CD8391CC490C300E3A40D /* Base */ = {isa = PBXFileReference; lastKnownFileType = file.storyboard; name = Base; path = Base.lproj/Main.storyboard; sourceTree = "<group>"; };
		B38CD83B1CC490C300E3A40D /* Assets.xcassets */ = {isa = PBXFileReference; lastKnownFileType = folder.assetcatalog; path = Assets.xcassets; sourceTree = "<group>"; };
		B38CD83E1CC490C300E3A40D /* Base */ = {isa = PBXFileReference; lastKnownFileType = file.storyboard; name = Base; path = Base.lproj/LaunchScreen.storyboard; sourceTree = "<group>"; };
		B38CD8401CC490C300E3A40D /* Info.plist */ = {isa = PBXFileReference; lastKnownFileType = text.plist.xml; path = Info.plist; sourceTree = "<group>"; };
/* End PBXFileReference section */

/* Begin PBXFrameworksBuildPhase section */
		B38CD8291CC490C300E3A40D /* Frameworks */ = {
			isa = PBXFrameworksBuildPhase;
			buildActionMask = 2147483647;
			files = (
			);
			runOnlyForDeploymentPostprocessing = 0;
		};
/* End PBXFrameworksBuildPhase section */

/* Begin PBXGroup section */
		B38CD8231CC490C300E3A40D = {
			isa = PBXGroup;
			children = (
				B38CD82E1CC490C300E3A40D /* GestureProjectNew */,
				B38CD82D1CC490C300E3A40D /* Products */,
			);
			sourceTree = "<group>";
		};
		B38CD82D1CC490C300E3A40D /* Products */ = {
			isa = PBXGroup;
			children = (
				B38CD82C1CC490C300E3A40D /* GestureProjectNew.app */,
			);
			name = Products;
			sourceTree = "<group>";
		};
		B38CD82E1CC490C300E3A40D /* GestureProjectNew */ = {
			isa = PBXGroup;
			children = (
				B38CD8321CC490C300E3A40D /* AppDelegate.h */,
				B38CD8331CC490C300E3A40D /* AppDelegate.m */,
				B38CD8351CC490C300E3A40D /* ViewController.h */,
				B38CD8361CC490C300E3A40D /* ViewController.m */,
				B38CD8381CC490C300E3A40D /* Main.storyboard */,
				B38CD83B1CC490C300E3A40D /* Assets.xcassets */,
				B38CD83D1CC490C300E3A40D /* LaunchScreen.storyboard */,
				B38CD8401CC490C300E3A40D /* Info.plist */,
				B38CD82F1CC490C300E3A40D /* Supporting Files */,
			);
			path = GestureProjectNew;
			sourceTree = "<group>";
		};
		B38CD82F1CC490C300E3A40D /* Supporting Files */ = {
			isa = PBXGroup;
			children = (
				B38CD8301CC490C300E3A40D /* main.m */,
			);
			name = "Supporting Files";
			sourceTree = "<group>";
		};
/* End PBXGroup section */

/* Begin PBXNativeTarget section */
		B38CD82B1CC490C300E3A40D /* GestureProjectNew */ = {
			isa = PBXNativeTarget;
			buildConfigurationList = B38CD8431CC490C300E3A40D /* Build configuration list for PBXNativeTarget "GestureProjectNew" */;
			buildPhases = (
				B38CD8281CC490C300E3A40D /* Sources */,
				B38CD8291CC490C300E3A40D /* Frameworks */,
				B38CD82A1CC490C300E3A40D /* Resources */,
			);
			buildRules = (
			);
			dependencies = (
			);
			name = GestureProjectNew;
			productName = GestureProjectNew;
			productReference = B38CD82C1CC490C300E3A40D /* GestureProjectNew.app */;
			productType = "com.apple.product-type.application";
		};
/* End PBXNativeTarget section */

/* Begin PBXProject section */
		B38CD8241CC490C300E3A40D /* Project object */ = {
			isa = PBXProject;
			attributes = {
				LastUpgradeCheck = 0730;
				ORGANIZATIONNAME = "Vladyslav Gusakov";
				TargetAttributes = {
					B38CD82B1CC490C300E3A40D = {
						CreatedOnToolsVersion = 7.3;
						DevelopmentTeam = 55YGEFWX58;
					};
				};
			};
			buildConfigurationList = B38CD8271CC490C300E3A40D /* Build configuration list for PBXProject "GestureProjectNew" */;
			compatibilityVersion = "Xcode 3.2";
			developmentRegion = English;
			hasScannedForEncodings = 0;
			knownRegions = (
				en,
				Base,
			);
			mainGroup = B38CD8231CC490C300E3A40D;
			productRefGroup = B38CD82D1CC490C300E3A40D /* Products */;
			projectDirPath = "";
			projectRoot = "";
			targets = (
				B38CD82B1CC490C300E3A40D /* GestureProjectNew */,
			);
		};
/* End PBXProject section */

/* Begin PBXResourcesBuildPhase section */
		B38CD82A1CC490C300E3A40D /* Resources */ = {
			isa = PBXResourcesBuildPhase;
			buildActionMask = 2147483647;
			files = (
				B38CD83F1CC490C300E3A40D /* LaunchScreen.storyboard in Resources */,
				B38CD83C1CC490C300E3A40D /* Assets.xcassets in Resources */,
				B38CD83A1CC490C300E3A40D /* Main.storyboard in Resources */,
			);
			runOnlyForDeploymentPostprocessing = 0;
		};
/* End PBXResourcesBuildPhase section */

/* Begin PBXSourcesBuildPhase section */
		B38CD8281CC490C300E3A40D /* Sources */ = {
			isa = PBXSourcesBuildPhase;
			buildActionMask = 2147483647;
			files = (
				B38CD8371CC490C300E3A40D /* ViewController.m in Sources */,
				B38CD8341CC490C300E3A40D /* AppDelegate.m in Sources */,
				B38CD8311CC490C300E3A40D /* main.m in Sources */,
			);
			runOnlyForDeploymentPostprocessing = 0;
		};
/* End PBXSourcesBuildPhase section */

/* Begin PBXVariantGroup section */
		B38CD8381CC490C300E3A40D /* Main.storyboard */ = {
			isa = PBXVariantGroup;
			children = (
				B38CD8391CC490C300E3A40D /* Base */,
			);
			name = Main.storyboard;
			sourceTree = "<group>";
		};
		B38CD83D1CC490C300E3A40D /* LaunchScreen.storyboard */ = {
			isa = PBXVariantGroup;
			children = (
				B38CD83E1CC490C300E3A40D /* Base */,
			);
			name = LaunchScreen.storyboard;
			sourceTree = "<group>";
		};
/* End PBXVariantGroup section */

/* Begin XCBuildConfiguration section */
		B38CD8411CC490C300E3A40D /* Debug */ = {
			isa = XCBuildConfiguration;
			buildSettings = {
				ALWAYS_SEARCH_USER_PATHS = NO;
				CLANG_ANALYZER_NONNULL = YES;
				CLANG_CXX_LANGUAGE_STANDARD = "gnu++0x";
				CLANG_CXX_LIBRARY = "libc++";
				CLANG_ENABLE_MODULES = YES;
				CLANG_ENABLE_OBJC_ARC = YES;
				CLANG_WARN_BOOL_CONVERSION = YES;
				CLANG_WARN_CONSTANT_CONVERSION = YES;
				CLANG_WARN_DIRECT_OBJC_ISA_USAGE = YES_ERROR;
				CLANG_WARN_EMPTY_BODY = YES;
				CLANG_WARN_ENUM_CONVERSION = YES;
				CLANG_WARN_INT_CONVERSION = YES;
				CLANG_WARN_OBJC_ROOT_CLASS = YES_ERROR;
				CLANG_WARN_UNREACHABLE_CODE = YES;
				CLANG_WARN__DUPLICATE_METHOD_MATCH = YES;
				"CODE_SIGN_IDENTITY[sdk=iphoneos*]" = "iPhone Developer";
				COPY_PHASE_STRIP = NO;
				DEBUG_INFORMATION_FORMAT = dwarf;
				ENABLE_STRICT_OBJC_MSGSEND = YES;
				ENABLE_TESTABILITY = YES;
				GCC_C_LANGUAGE_STANDARD = gnu99;
				GCC_DYNAMIC_NO_PIC = NO;
				GCC_NO_COMMON_BLOCKS = YES;
				GCC_OPTIMIZATION_LEVEL = 0;
				GCC_PREPROCESSOR_DEFINITIONS = (
					"DEBUG=1",
					"$(inherited)",
				);
				GCC_WARN_64_TO_32_BIT_CONVERSION = YES;
				GCC_WARN_ABOUT_RETURN_TYPE = YES_ERROR;
				GCC_WARN_UNDECLARED_SELECTOR = YES;
				GCC_WARN_UNINITIALIZED_AUTOS = YES_AGGRESSIVE;
				GCC_WARN_UNUSED_FUNCTION = YES;
				GCC_WARN_UNUSED_VARIABLE = YES;
				IPHONEOS_DEPLOYMENT_TARGET = 9.3;
				MTL_ENABLE_DEBUG_INFO = YES;
				ONLY_ACTIVE_ARCH = YES;
				SDKROOT = iphoneos;
				TARGETED_DEVICE_FAMILY = "1,2";
			};
			name = Debug;
		};
		B38CD8421CC490C300E3A40D /* Release */ = {
			isa = XCBuildConfiguration;
			buildSettings = {
				ALWAYS_SEARCH_USER_PATHS = NO;
				CLANG_ANALYZER_NONNULL = YES;
				CLANG_CXX_LANGUAGE_STANDARD = "gnu++0x";
				CLANG_CXX_LIBRARY = "libc++";
				CLANG_ENABLE_MODULES = YES;
				CLANG_ENABLE_OBJC_ARC = YES;
				CLANG_WARN_BOOL_CONVERSION = YES;
				CLANG_WARN_CONSTANT_CONVERSION = YES;
				CLANG_WARN_DIRECT_OBJC_ISA_USAGE = YES_ERROR;
				CLANG_WARN_EMPTY_BODY = YES;
				CLANG_WARN_ENUM_CONVERSION = YES;
				CLANG_WARN_INT_CONVERSION = YES;
				CLANG_WARN_OBJC_ROOT_CLASS = YES_ERROR;
				CLANG_WARN_UNREACHABLE_CODE = YES;
				CLANG_WARN__DUPLICATE_METHOD_MATCH = YES;
				"CODE_SIGN_IDENTITY[sdk=iphoneos*]" = "iPhone Developer";
				COPY_PHASE_STRIP = NO;
				DEBUG_INFORMATION_FORMAT = "dwarf-with-dsym";
				ENABLE_NS_ASSERTIONS = NO;
				ENABLE_STRICT_OBJC_MSGSEND = YES;
				GCC_C_LANGUAGE_STANDARD = gnu99;
				GCC_NO_COMMON_BLOCKS = YES;
				GCC_WARN_64_TO_32_BIT_CONVERSION = YES;
				GCC_WARN_ABOUT_RETURN_TYPE = YES_ERROR;
				GCC_WARN_UNDECLARED_SELECTOR = YES;
				GCC_WARN_UNINITIALIZED_AUTOS = YES_AGGRESSIVE;
				GCC_WARN_UNUSED_FUNCTION = YES;
				GCC_WARN_UNUSED_VARIABLE = YES;
				IPHONEOS_DEPLOYMENT_TARGET = 9.3;
				MTL_ENABLE_DEBUG_INFO = NO;
				SDKROOT = iphoneos;
				TARGETED_DEVICE_FAMILY = "1,2";
				VALIDATE_PRODUCT = YES;
			};
			name = Release;
		};
		B38CD8441CC490C300E3A40D /* Debug */ = {
			isa = XCBuildConfiguration;
			buildSettings = {
				ASSETCATALOG_COMPILER_APPICON_NAME = AppIcon;
				INFOPLIST_FILE = GestureProjectNew/Info.plist;
				LD_RUNPATH_SEARCH_PATHS = "$(inherited) @executable_path/Frameworks";
				PRODUCT_BUNDLE_IDENTIFIER = com.vlgusakov.GestureProjectNew;
				PRODUCT_NAME = "$(TARGET_NAME)";
			};
			name = Debug;
		};
		B38CD8451CC490C300E3A40D /* Release */ = {
			isa = XCBuildConfiguration;
			buildSettings = {
				ASSETCATALOG_COMPILER_APPICON_NAME = AppIcon;
				INFOPLIST_FILE = GestureProjectNew/Info.plist;
				LD_RUNPATH_SEARCH_PATHS = "$(inherited) @executable_path/Frameworks";
				PRODUCT_BUNDLE_IDENTIFIER = com.vlgusakov.GestureProjectNew;
				PRODUCT_NAME = "$(TARGET_NAME)";
			};
			name = Release;
		};
/* End XCBuildConfiguration section */

/* Begin XCConfigurationList section */
		B38CD8271CC490C300E3A40D /* Build configuration list for PBXProject "GestureProjectNew" */ = {
			isa = XCConfigurationList;
			buildConfigurations = (
				B38CD8411CC490C300E3A40D /* Debug */,
				B38CD8421CC490C300E3A40D /* Release */,
			);
			defaultConfigurationIsVisible = 0;
			defaultConfigurationName = Release;
		};
		B38CD8431CC490C300E3A40D /* Build configuration list for PBXNativeTarget "GestureProjectNew" */ = {
			isa = XCConfigurationList;
			buildConfigurations = (
				B38CD8441CC490C300E3A40D /* Debug */,
				B38CD8451CC490C300E3A40D /* Release */,
			);
			defaultConfigurationIsVisible = 0;
		};
/* End XCConfigurationList section */
	};
	rootObject = B38CD8241CC490C300E3A40D /* Project object */;
}
